
Microsoft Visual Studio Solution File, Format Version 12.00
# Visual Studio 15
VisualStudioVersion = 15.0.28010.2048
MinimumVisualStudioVersion = 10.0.40219.1
Project("{FAE04EC0-301F-11D3-BF4B-00C04F79EFBC}") = "Odyssey", "Odyssey\Odyssey.csproj", "{29CE7B07-332F-4F53-8605-293081FB1878}"
EndProject
Global
	GlobalSection(SolutionConfigurationPlatforms) = preSolution
		Debug|Any CPU = Debug|Any CPU
		Release|Any CPU = Release|Any CPU
	EndGlobalSection
	GlobalSection(ProjectConfigurationPlatforms) = postSolution
		{29CE7B07-332F-4F53-8605-293081FB1878}.Debug|Any CPU.ActiveCfg = Debug|Any CPU
		{29CE7B07-332F-4F53-8605-293081FB1878}.Debug|Any CPU.Build.0 = Debug|Any CPU
		{29CE7B07-332F-4F53-8605-293081FB1878}.Release|Any CPU.ActiveCfg = Release|Any CPU
		{29CE7B07-332F-4F53-8605-293081FB1878}.Release|Any CPU.Build.0 = Release|Any CPU
	EndGlobalSection
	GlobalSection(SolutionProperties) = preSolution
		HideSolutionNode = FALSE
	EndGlobalSection
	GlobalSection(ExtensibilityGlobals) = postSolution
		SolutionGuid = {E7A4447D-104C-4617-871B-6E6E5A04974B}
	EndGlobalSection
EndGlobal
